
Microsoft Visual Studio Solution File, Format Version 12.00
# Visual Studio Version 17
VisualStudioVersion = 17.11.35327.3
MinimumVisualStudioVersion = 10.0.40219.1
Project("{FAE04EC0-301F-11D3-BF4B-00C04F79EFBC}") = "BlobStorageTest", "BlobStorageTest\BlobStorageTest.csproj", "{3886BA4D-D0CB-44AB-842F-67F235EFB57B}"
EndProject
Project("{FAE04EC0-301F-11D3-BF4B-00C04F79EFBC}") = "BlobStorageAPI", "BlobStorageAPI\BlobStorageAPI.csproj", "{D68EB4EA-C337-4F76-8470-9649B09A256F}"
EndProject
Global
	GlobalSection(SolutionConfigurationPlatforms) = preSolution
		Debug|Any CPU = Debug|Any CPU
		Release|Any CPU = Release|Any CPU
	EndGlobalSection
	GlobalSection(ProjectConfigurationPlatforms) = postSolution
		{3886BA4D-D0CB-44AB-842F-67F235EFB57B}.Debug|Any CPU.ActiveCfg = Debug|Any CPU
		{3886BA4D-D0CB-44AB-842F-67F235EFB57B}.Debug|Any CPU.Build.0 = Debug|Any CPU
		{3886BA4D-D0CB-44AB-842F-67F235EFB57B}.Release|Any CPU.ActiveCfg = Release|Any CPU
		{3886BA4D-D0CB-44AB-842F-67F235EFB57B}.Release|Any CPU.Build.0 = Release|Any CPU
		{D68EB4EA-C337-4F76-8470-9649B09A256F}.Debug|Any CPU.ActiveCfg = Debug|Any CPU
		{D68EB4EA-C337-4F76-8470-9649B09A256F}.Debug|Any CPU.Build.0 = Debug|Any CPU
		{D68EB4EA-C337-4F76-8470-9649B09A256F}.Release|Any CPU.ActiveCfg = Release|Any CPU
		{D68EB4EA-C337-4F76-8470-9649B09A256F}.Release|Any CPU.Build.0 = Release|Any CPU
	EndGlobalSection
	GlobalSection(SolutionProperties) = preSolution
		HideSolutionNode = FALSE
	EndGlobalSection
	GlobalSection(ExtensibilityGlobals) = postSolution
		SolutionGuid = {78969F9E-E101-48E3-9131-2AC64E824ED8}
	EndGlobalSection
EndGlobal
